# THIS IS AN AUTOGENERATED FILE. DO NOT EDIT THIS FILE DIRECTLY.
# yarn lockfile v1


"@react-native-community/viewpager@3.3.0":
  version "3.3.0"
  resolved "https://registry.npmjs.org/@react-native-community/viewpager/-/viewpager-3.3.0.tgz#e613747a43a31a6f3278f817ba96fdaaa7941f23"
  integrity sha512-tyzh79l4t/hxiyS9QD3LRmWMs8KVkZzjrkQ8U8+8To1wmvVCBtp8BenvNsDLTBO7CpO/YmiThpmIdEZMr1WuVw==

assign-deep@^0.4.5:
  version "0.4.8"
  resolved "https://registry.npmjs.org/assign-deep/-/assign-deep-0.4.8.tgz#92089f55f7b55872b1828d9c51f860427f08bae6"
  integrity sha512-uxqXJCnNZDEjPnsaLKVzmh/ST5+Pqoz0wi06HDfHKx1ASNpSbbvz2qW2Gl8ZyHwr5jnm11X2S5eMQaP1lMZmCg==
  dependencies:
    assign-symbols "^0.1.1"
    is-primitive "^2.0.0"
    kind-of "^5.0.2"

assign-symbols@^0.1.1:
  version "0.1.1"
  resolved "https://registry.npmjs.org/assign-symbols/-/assign-symbols-0.1.1.tgz#cb025944ef4ec8a3693f086e9e112c74e3a0fed9"
  integrity sha1-ywJZRO9OyKNpPwhunhEsdOOg/tk=

is-primitive@^2.0.0:
  version "2.0.0"
  resolved "https://registry.npmjs.org/is-primitive/-/is-primitive-2.0.0.tgz#207bab91638499c07b2adf240a41a87210034575"
  integrity sha1-IHurkWOEmcB7Kt8kCkGochADRXU=

"js-tokens@^3.0.0 || ^4.0.0":
  version "4.0.0"
  resolved "https://registry.npmjs.org/js-tokens/-/js-tokens-4.0.0.tgz#19203fb59991df98e3a287050d4647cdeaf32499"
  integrity sha512-RdJUflcE3cUzKiMqQgsCu06FPu9UdIJO0beYbPhHN4k6apgJtifcoCtT9bcxOpYBtpD2kCM6Sbzg4CausW/PKQ==

kind-of@^5.0.2:
  version "5.1.0"
  resolved "https://registry.npmjs.org/kind-of/-/kind-of-5.1.0.tgz#729c91e2d857b7a419a1f9aa65685c4c33f5845d"
  integrity sha512-NGEErnH6F2vUuXDh+OlbcKW7/wOcfdRHaZ7VWtqCztfHri/++YKmP51OdWeGPuqCOba6kk2OTe5d02VmTB80Pw==

loose-envify@^1.1.0, loose-envify@^1.4.0:
  version "1.4.0"
  resolved "https://registry.npmjs.org/loose-envify/-/loose-envify-1.4.0.tgz#71ee51fa7be4caec1a63839f7e682d8132d30caf"
  integrity sha512-lyuxPGr/Wfhrlem2CL/UcnUc1zcqKAImBDzukY7Y5F/yQiNdko6+fRLevlw1HgMySw7f611UIY408EtxRSoK3Q==
  dependencies:
    js-tokens "^3.0.0 || ^4.0.0"

object-assign@^4.1.1:
  version "4.1.1"
  resolved "https://registry.npmjs.org/object-assign/-/object-assign-4.1.1.tgz#2109adc7965887cfc05cbbd442cac8bfbb360863"
  integrity sha1-IQmtx5ZYh8/AXLvUQsrIv7s2CGM=

prop-types@^15.5.8, prop-types@^15.6.2:
  version "15.7.2"
  resolved "https://registry.npmjs.org/prop-types/-/prop-types-15.7.2.tgz#52c41e75b8c87e72b9d9360e0206b99dcbffa6c5"
  integrity sha512-8QQikdH7//R2vurIJSutZ1smHYTcLpRWEOlHnzcWHmBYrOGUysKwSsrC89BCiFj3CbrfJ/nXFdJepOVrY1GCHQ==
  dependencies:
    loose-envify "^1.4.0"
    object-assign "^4.1.1"
    react-is "^16.8.1"

react-is@^16.6.3, react-is@^16.8.1:
  version "16.13.1"
  resolved "https://registry.npmjs.org/react-is/-/react-is-16.13.1.tgz#789729a4dc36de2999dc156dd6c1d9c18cea56a4"
  integrity sha512-24e6ynE2H+OKt4kqsOvNd8kBpV65zoxbA4BVsEOB3ARVWQki/DHzaUoC5KuON/BiccDaCCTZBuOcfZs70kR8bQ==

react-test-renderer@16.6.3:
  version "16.6.3"
  resolved "https://registry.npmjs.org/react-test-renderer/-/react-test-renderer-16.6.3.tgz#5f3a1a7d5c3379d46f7052b848b4b72e47c89f38"
  integrity sha512-B5bCer+qymrQz/wN03lT0LppbZUDRq6AMfzMKrovzkGzfO81a9T+PWQW6MzkWknbwODQH/qpJno/yFQLX5IWrQ==
  dependencies:
    object-assign "^4.1.1"
    prop-types "^15.6.2"
    react-is "^16.6.3"
    scheduler "^0.11.2"

scheduler@^0.11.2:
  version "0.11.3"
  resolved "https://registry.npmjs.org/scheduler/-/scheduler-0.11.3.tgz#b5769b90cf8b1464f3f3cfcafe8e3cd7555a2d6b"
  integrity sha512-i9X9VRRVZDd3xZw10NY5Z2cVMbdYg6gqFecfj79USv1CFN+YrJ3gIPRKf1qlY+Sxly4djoKdfx1T+m9dnRB8kQ==
  dependencies:
    loose-envify "^1.1.0"
    object-assign "^4.1.1"
